// !$*UTF8*$!
{
	archiveVersion = 1;
	classes = {
	};
	objectVersion = 46;
	objects = {

/* Begin PBXBuildFile section */
		B170AA5A1A86A3FC00E1F02D /* Game.swift in Sources */ = {isa = PBXBuildFile; fileRef = B170AA571A86A3FC00E1F02D /* Game.swift */; };
		B170AA5B1A86A3FC00E1F02D /* Player.swift in Sources */ = {isa = PBXBuildFile; fileRef = B170AA581A86A3FC00E1F02D /* Player.swift */; };
		B170AA5C1A86A3FC00E1F02D /* Statement.swift in Sources */ = {isa = PBXBuildFile; fileRef = B170AA591A86A3FC00E1F02D /* Statement.swift */; };
		F018AEF41A86B00000319BF3 /* SWRevealViewController.m in Sources */ = {isa = PBXBuildFile; fileRef = F018AEF31A86B00000319BF3 /* SWRevealViewController.m */; };
		F0FCC49E1A8696B900C9EE6C /* AppDelegate.swift in Sources */ = {isa = PBXBuildFile; fileRef = F0FCC49D1A8696B900C9EE6C /* AppDelegate.swift */; };
		F0FCC4A01A8696B900C9EE6C /* ViewController.swift in Sources */ = {isa = PBXBuildFile; fileRef = F0FCC49F1A8696B900C9EE6C /* ViewController.swift */; };
		F0FCC4A31A8696B900C9EE6C /* Main.storyboard in Resources */ = {isa = PBXBuildFile; fileRef = F0FCC4A11A8696B900C9EE6C /* Main.storyboard */; };
		F0FCC4A51A8696B900C9EE6C /* Images.xcassets in Resources */ = {isa = PBXBuildFile; fileRef = F0FCC4A41A8696B900C9EE6C /* Images.xcassets */; };
		F0FCC4A81A8696B900C9EE6C /* LaunchScreen.xib in Resources */ = {isa = PBXBuildFile; fileRef = F0FCC4A61A8696B900C9EE6C /* LaunchScreen.xib */; };
		F0FCC4B41A8696B900C9EE6C /* FibTests.swift in Sources */ = {isa = PBXBuildFile; fileRef = F0FCC4B31A8696B900C9EE6C /* FibTests.swift */; };
		F0FCC4C21A86977F00C9EE6C /* FacebookSDK.framework in Frameworks */ = {isa = PBXBuildFile; fileRef = F0FCC4C11A86977F00C9EE6C /* FacebookSDK.framework */; };
/* End PBXBuildFile section */

/* Begin PBXContainerItemProxy section */
		F0FCC4AE1A8696B900C9EE6C /* PBXContainerItemProxy */ = {
			isa = PBXContainerItemProxy;
			containerPortal = F0FCC4901A8696B900C9EE6C /* Project object */;
			proxyType = 1;
			remoteGlobalIDString = F0FCC4971A8696B900C9EE6C;
			remoteInfo = Fib;
		};
/* End PBXContainerItemProxy section */

/* Begin PBXFileReference section */
		B170AA571A86A3FC00E1F02D /* Game.swift */ = {isa = PBXFileReference; fileEncoding = 4; lastKnownFileType = sourcecode.swift; path = Game.swift; sourceTree = "<group>"; };
		B170AA581A86A3FC00E1F02D /* Player.swift */ = {isa = PBXFileReference; fileEncoding = 4; lastKnownFileType = sourcecode.swift; path = Player.swift; sourceTree = "<group>"; };
		B170AA591A86A3FC00E1F02D /* Statement.swift */ = {isa = PBXFileReference; fileEncoding = 4; lastKnownFileType = sourcecode.swift; path = Statement.swift; sourceTree = "<group>"; };
		F018AEF21A86AFEF00319BF3 /* SWRevealViewController.h */ = {isa = PBXFileReference; lastKnownFileType = sourcecode.c.h; path = SWRevealViewController.h; sourceTree = "<group>"; };
		F018AEF31A86B00000319BF3 /* SWRevealViewController.m */ = {isa = PBXFileReference; fileEncoding = 4; lastKnownFileType = sourcecode.c.objc; path = SWRevealViewController.m; sourceTree = "<group>"; };
		F0FCC4981A8696B900C9EE6C /* Fib.app */ = {isa = PBXFileReference; explicitFileType = wrapper.application; includeInIndex = 0; path = Fib.app; sourceTree = BUILT_PRODUCTS_DIR; };
		F0FCC49C1A8696B900C9EE6C /* Info.plist */ = {isa = PBXFileReference; lastKnownFileType = text.plist.xml; path = Info.plist; sourceTree = "<group>"; };
		F0FCC49D1A8696B900C9EE6C /* AppDelegate.swift */ = {isa = PBXFileReference; lastKnownFileType = sourcecode.swift; path = AppDelegate.swift; sourceTree = "<group>"; };
		F0FCC49F1A8696B900C9EE6C /* ViewController.swift */ = {isa = PBXFileReference; lastKnownFileType = sourcecode.swift; path = ViewController.swift; sourceTree = "<group>"; };
		F0FCC4A21A8696B900C9EE6C /* Base */ = {isa = PBXFileReference; lastKnownFileType = file.storyboard; name = Base; path = Base.lproj/Main.storyboard; sourceTree = "<group>"; };
		F0FCC4A41A8696B900C9EE6C /* Images.xcassets */ = {isa = PBXFileReference; lastKnownFileType = folder.assetcatalog; path = Images.xcassets; sourceTree = "<group>"; };
		F0FCC4A71A8696B900C9EE6C /* Base */ = {isa = PBXFileReference; lastKnownFileType = file.xib; name = Base; path = Base.lproj/LaunchScreen.xib; sourceTree = "<group>"; };
		F0FCC4AD1A8696B900C9EE6C /* FibTests.xctest */ = {isa = PBXFileReference; explicitFileType = wrapper.cfbundle; includeInIndex = 0; path = FibTests.xctest; sourceTree = BUILT_PRODUCTS_DIR; };
		F0FCC4B21A8696B900C9EE6C /* Info.plist */ = {isa = PBXFileReference; lastKnownFileType = text.plist.xml; path = Info.plist; sourceTree = "<group>"; };
		F0FCC4B31A8696B900C9EE6C /* FibTests.swift */ = {isa = PBXFileReference; lastKnownFileType = sourcecode.swift; path = FibTests.swift; sourceTree = "<group>"; };
		F0FCC4BD1A8696E300C9EE6C /* Bridging-Header.h */ = {isa = PBXFileReference; lastKnownFileType = sourcecode.c.h; path = "Bridging-Header.h"; sourceTree = "<group>"; };
		F0FCC4C11A86977F00C9EE6C /* FacebookSDK.framework */ = {isa = PBXFileReference; lastKnownFileType = wrapper.framework; path = FacebookSDK.framework; sourceTree = "<group>"; };
/* End PBXFileReference section */

/* Begin PBXFrameworksBuildPhase section */
		F0FCC4951A8696B900C9EE6C /* Frameworks */ = {
			isa = PBXFrameworksBuildPhase;
			buildActionMask = 2147483647;
			files = (
				F0FCC4C21A86977F00C9EE6C /* FacebookSDK.framework in Frameworks */,
			);
			runOnlyForDeploymentPostprocessing = 0;
		};
		F0FCC4AA1A8696B900C9EE6C /* Frameworks */ = {
			isa = PBXFrameworksBuildPhase;
			buildActionMask = 2147483647;
			files = (
			);
			runOnlyForDeploymentPostprocessing = 0;
		};
/* End PBXFrameworksBuildPhase section */

/* Begin PBXGroup section */
		B170AA501A86A39900E1F02D /* Models */ = {
			isa = PBXGroup;
			children = (
				B170AA571A86A3FC00E1F02D /* Game.swift */,
				B170AA581A86A3FC00E1F02D /* Player.swift */,
				B170AA591A86A3FC00E1F02D /* Statement.swift */,
			);
			name = Models;
			sourceTree = "<group>";
		};
		F0FCC48F1A8696B900C9EE6C = {
			isa = PBXGroup;
			children = (
				F0FCC4BE1A86972200C9EE6C /* Frameworks */,
				F0FCC49A1A8696B900C9EE6C /* Fib */,
				F0FCC4B01A8696B900C9EE6C /* FibTests */,
				F0FCC4991A8696B900C9EE6C /* Products */,
			);
			sourceTree = "<group>";
		};
		F0FCC4991A8696B900C9EE6C /* Products */ = {
			isa = PBXGroup;
			children = (
				F0FCC4981A8696B900C9EE6C /* Fib.app */,
				F0FCC4AD1A8696B900C9EE6C /* FibTests.xctest */,
			);
			name = Products;
			sourceTree = "<group>";
		};
		F0FCC49A1A8696B900C9EE6C /* Fib */ = {
			isa = PBXGroup;
			children = (
				B170AA501A86A39900E1F02D /* Models */,
				F0FCC49D1A8696B900C9EE6C /* AppDelegate.swift */,
				F0FCC49F1A8696B900C9EE6C /* ViewController.swift */,
				F0FCC4A11A8696B900C9EE6C /* Main.storyboard */,
				F0FCC4A41A8696B900C9EE6C /* Images.xcassets */,
				F0FCC4A61A8696B900C9EE6C /* LaunchScreen.xib */,
				F0FCC49B1A8696B900C9EE6C /* Supporting Files */,
				F0FCC4BD1A8696E300C9EE6C /* Bridging-Header.h */,
				F018AEF21A86AFEF00319BF3 /* SWRevealViewController.h */,
				F018AEF31A86B00000319BF3 /* SWRevealViewController.m */,
			);
			path = Fib;
			sourceTree = "<group>";
		};
		F0FCC49B1A8696B900C9EE6C /* Supporting Files */ = {
			isa = PBXGroup;
			children = (
				F0FCC49C1A8696B900C9EE6C /* Info.plist */,
			);
			name = "Supporting Files";
			sourceTree = "<group>";
		};
		F0FCC4B01A8696B900C9EE6C /* FibTests */ = {
			isa = PBXGroup;
			children = (
				F0FCC4B31A8696B900C9EE6C /* FibTests.swift */,
				F0FCC4B11A8696B900C9EE6C /* Supporting Files */,
			);
			path = FibTests;
			sourceTree = "<group>";
		};
		F0FCC4B11A8696B900C9EE6C /* Supporting Files */ = {
			isa = PBXGroup;
			children = (
				F0FCC4B21A8696B900C9EE6C /* Info.plist */,
			);
			name = "Supporting Files";
			sourceTree = "<group>";
		};
		F0FCC4BE1A86972200C9EE6C /* Frameworks */ = {
			isa = PBXGroup;
			children = (
				F0FCC4C11A86977F00C9EE6C /* FacebookSDK.framework */,
			);
			name = Frameworks;
			sourceTree = "<group>";
		};
/* End PBXGroup section */

/* Begin PBXNativeTarget section */
		F0FCC4971A8696B900C9EE6C /* Fib */ = {
			isa = PBXNativeTarget;
			buildConfigurationList = F0FCC4B71A8696B900C9EE6C /* Build configuration list for PBXNativeTarget "Fib" */;
			buildPhases = (
				F0FCC4941A8696B900C9EE6C /* Sources */,
				F0FCC4951A8696B900C9EE6C /* Frameworks */,
				F0FCC4961A8696B900C9EE6C /* Resources */,
			);
			buildRules = (
			);
			dependencies = (
			);
			name = Fib;
			productName = Fib;
			productReference = F0FCC4981A8696B900C9EE6C /* Fib.app */;
			productType = "com.apple.product-type.application";
		};
		F0FCC4AC1A8696B900C9EE6C /* FibTests */ = {
			isa = PBXNativeTarget;
			buildConfigurationList = F0FCC4BA1A8696B900C9EE6C /* Build configuration list for PBXNativeTarget "FibTests" */;
			buildPhases = (
				F0FCC4A91A8696B900C9EE6C /* Sources */,
				F0FCC4AA1A8696B900C9EE6C /* Frameworks */,
				F0FCC4AB1A8696B900C9EE6C /* Resources */,
			);
			buildRules = (
			);
			dependencies = (
				F0FCC4AF1A8696B900C9EE6C /* PBXTargetDependency */,
			);
			name = FibTests;
			productName = FibTests;
			productReference = F0FCC4AD1A8696B900C9EE6C /* FibTests.xctest */;
			productType = "com.apple.product-type.bundle.unit-test";
		};
/* End PBXNativeTarget section */

/* Begin PBXProject section */
		F0FCC4901A8696B900C9EE6C /* Project object */ = {
			isa = PBXProject;
			attributes = {
				LastUpgradeCheck = 0610;
				ORGANIZATIONNAME = hackbeanpot;
				TargetAttributes = {
					F0FCC4971A8696B900C9EE6C = {
						CreatedOnToolsVersion = 6.1.1;
					};
					F0FCC4AC1A8696B900C9EE6C = {
						CreatedOnToolsVersion = 6.1.1;
						TestTargetID = F0FCC4971A8696B900C9EE6C;
					};
				};
			};
			buildConfigurationList = F0FCC4931A8696B900C9EE6C /* Build configuration list for PBXProject "Fib" */;
			compatibilityVersion = "Xcode 3.2";
			developmentRegion = English;
			hasScannedForEncodings = 0;
			knownRegions = (
				en,
				Base,
			);
			mainGroup = F0FCC48F1A8696B900C9EE6C;
			productRefGroup = F0FCC4991A8696B900C9EE6C /* Products */;
			projectDirPath = "";
			projectRoot = "";
			targets = (
				F0FCC4971A8696B900C9EE6C /* Fib */,
				F0FCC4AC1A8696B900C9EE6C /* FibTests */,
			);
		};
/* End PBXProject section */

/* Begin PBXResourcesBuildPhase section */
		F0FCC4961A8696B900C9EE6C /* Resources */ = {
			isa = PBXResourcesBuildPhase;
			buildActionMask = 2147483647;
			files = (
				F0FCC4A31A8696B900C9EE6C /* Main.storyboard in Resources */,
				F0FCC4A81A8696B900C9EE6C /* LaunchScreen.xib in Resources */,
				F0FCC4A51A8696B900C9EE6C /* Images.xcassets in Resources */,
			);
			runOnlyForDeploymentPostprocessing = 0;
		};
		F0FCC4AB1A8696B900C9EE6C /* Resources */ = {
			isa = PBXResourcesBuildPhase;
			buildActionMask = 2147483647;
			files = (
			);
			runOnlyForDeploymentPostprocessing = 0;
		};
/* End PBXResourcesBuildPhase section */

/* Begin PBXSourcesBuildPhase section */
		F0FCC4941A8696B900C9EE6C /* Sources */ = {
			isa = PBXSourcesBuildPhase;
			buildActionMask = 2147483647;
			files = (
				B170AA5B1A86A3FC00E1F02D /* Player.swift in Sources */,
				F0FCC4A01A8696B900C9EE6C /* ViewController.swift in Sources */,
				B170AA5A1A86A3FC00E1F02D /* Game.swift in Sources */,
				F0FCC49E1A8696B900C9EE6C /* AppDelegate.swift in Sources */,
				B170AA5C1A86A3FC00E1F02D /* Statement.swift in Sources */,
				F018AEF41A86B00000319BF3 /* SWRevealViewController.m in Sources */,
			);
			runOnlyForDeploymentPostprocessing = 0;
		};
		F0FCC4A91A8696B900C9EE6C /* Sources */ = {
			isa = PBXSourcesBuildPhase;
			buildActionMask = 2147483647;
			files = (
				F0FCC4B41A8696B900C9EE6C /* FibTests.swift in Sources */,
			);
			runOnlyForDeploymentPostprocessing = 0;
		};
/* End PBXSourcesBuildPhase section */

/* Begin PBXTargetDependency section */
		F0FCC4AF1A8696B900C9EE6C /* PBXTargetDependency */ = {
			isa = PBXTargetDependency;
			target = F0FCC4971A8696B900C9EE6C /* Fib */;
			targetProxy = F0FCC4AE1A8696B900C9EE6C /* PBXContainerItemProxy */;
		};
/* End PBXTargetDependency section */

/* Begin PBXVariantGroup section */
		F0FCC4A11A8696B900C9EE6C /* Main.storyboard */ = {
			isa = PBXVariantGroup;
			children = (
				F0FCC4A21A8696B900C9EE6C /* Base */,
			);
			name = Main.storyboard;
			sourceTree = "<group>";
		};
		F0FCC4A61A8696B900C9EE6C /* LaunchScreen.xib */ = {
			isa = PBXVariantGroup;
			children = (
				F0FCC4A71A8696B900C9EE6C /* Base */,
			);
			name = LaunchScreen.xib;
			sourceTree = "<group>";
		};
/* End PBXVariantGroup section */

/* Begin XCBuildConfiguration section */
		F0FCC4B51A8696B900C9EE6C /* Debug */ = {
			isa = XCBuildConfiguration;
			buildSettings = {
				ALWAYS_SEARCH_USER_PATHS = NO;
				CLANG_CXX_LANGUAGE_STANDARD = "gnu++0x";
				CLANG_CXX_LIBRARY = "libc++";
				CLANG_ENABLE_MODULES = YES;
				CLANG_ENABLE_OBJC_ARC = YES;
				CLANG_WARN_BOOL_CONVERSION = YES;
				CLANG_WARN_CONSTANT_CONVERSION = YES;
				CLANG_WARN_DIRECT_OBJC_ISA_USAGE = YES_ERROR;
				CLANG_WARN_EMPTY_BODY = YES;
				CLANG_WARN_ENUM_CONVERSION = YES;
				CLANG_WARN_INT_CONVERSION = YES;
				CLANG_WARN_OBJC_ROOT_CLASS = YES_ERROR;
				CLANG_WARN_UNREACHABLE_CODE = YES;
				CLANG_WARN__DUPLICATE_METHOD_MATCH = YES;
				"CODE_SIGN_IDENTITY[sdk=iphoneos*]" = "iPhone Developer";
				COPY_PHASE_STRIP = NO;
				ENABLE_STRICT_OBJC_MSGSEND = YES;
				GCC_C_LANGUAGE_STANDARD = gnu99;
				GCC_DYNAMIC_NO_PIC = NO;
				GCC_OPTIMIZATION_LEVEL = 0;
				GCC_PREPROCESSOR_DEFINITIONS = (
					"DEBUG=1",
					"$(inherited)",
				);
				GCC_SYMBOLS_PRIVATE_EXTERN = NO;
				GCC_WARN_64_TO_32_BIT_CONVERSION = YES;
				GCC_WARN_ABOUT_RETURN_TYPE = YES_ERROR;
				GCC_WARN_UNDECLARED_SELECTOR = YES;
				GCC_WARN_UNINITIALIZED_AUTOS = YES_AGGRESSIVE;
				GCC_WARN_UNUSED_FUNCTION = YES;
				GCC_WARN_UNUSED_VARIABLE = YES;
				IPHONEOS_DEPLOYMENT_TARGET = 8.1;
				MTL_ENABLE_DEBUG_INFO = YES;
				ONLY_ACTIVE_ARCH = YES;
				SDKROOT = iphoneos;
				SWIFT_OPTIMIZATION_LEVEL = "-Onone";
			};
			name = Debug;
		};
		F0FCC4B61A8696B900C9EE6C /* Release */ = {
			isa = XCBuildConfiguration;
			buildSettings = {
				ALWAYS_SEARCH_USER_PATHS = NO;
				CLANG_CXX_LANGUAGE_STANDARD = "gnu++0x";
				CLANG_CXX_LIBRARY = "libc++";
				CLANG_ENABLE_MODULES = YES;
				CLANG_ENABLE_OBJC_ARC = YES;
				CLANG_WARN_BOOL_CONVERSION = YES;
				CLANG_WARN_CONSTANT_CONVERSION = YES;
				CLANG_WARN_DIRECT_OBJC_ISA_USAGE = YES_ERROR;
				CLANG_WARN_EMPTY_BODY = YES;
				CLANG_WARN_ENUM_CONVERSION = YES;
				CLANG_WARN_INT_CONVERSION = YES;
				CLANG_WARN_OBJC_ROOT_CLASS = YES_ERROR;
				CLANG_WARN_UNREACHABLE_CODE = YES;
				CLANG_WARN__DUPLICATE_METHOD_MATCH = YES;
				"CODE_SIGN_IDENTITY[sdk=iphoneos*]" = "iPhone Developer";
				COPY_PHASE_STRIP = YES;
				ENABLE_NS_ASSERTIONS = NO;
				ENABLE_STRICT_OBJC_MSGSEND = YES;
				GCC_C_LANGUAGE_STANDARD = gnu99;
				GCC_WARN_64_TO_32_BIT_CONVERSION = YES;
				GCC_WARN_ABOUT_RETURN_TYPE = YES_ERROR;
				GCC_WARN_UNDECLARED_SELECTOR = YES;
				GCC_WARN_UNINITIALIZED_AUTOS = YES_AGGRESSIVE;
				GCC_WARN_UNUSED_FUNCTION = YES;
				GCC_WARN_UNUSED_VARIABLE = YES;
				IPHONEOS_DEPLOYMENT_TARGET = 8.1;
				MTL_ENABLE_DEBUG_INFO = NO;
				SDKROOT = iphoneos;
				VALIDATE_PRODUCT = YES;
			};
			name = Release;
		};
		F0FCC4B81A8696B900C9EE6C /* Debug */ = {
			isa = XCBuildConfiguration;
			buildSettings = {
				ASSETCATALOG_COMPILER_APPICON_NAME = AppIcon;
				FRAMEWORK_SEARCH_PATHS = (
					"$(inherited)",
					"$(PROJECT_DIR)",
				);
				INFOPLIST_FILE = Fib/Info.plist;
				LD_RUNPATH_SEARCH_PATHS = "$(inherited) @executable_path/Frameworks";
				PRODUCT_NAME = "$(TARGET_NAME)";
				SWIFT_OBJC_BRIDGING_HEADER = "Fib/Bridging-Header.h";
			};
			name = Debug;
		};
		F0FCC4B91A8696B900C9EE6C /* Release */ = {
			isa = XCBuildConfiguration;
			buildSettings = {
				ASSETCATALOG_COMPILER_APPICON_NAME = AppIcon;
				FRAMEWORK_SEARCH_PATHS = (
					"$(inherited)",
					"$(PROJECT_DIR)",
				);
				INFOPLIST_FILE = Fib/Info.plist;
				LD_RUNPATH_SEARCH_PATHS = "$(inherited) @executable_path/Frameworks";
				PRODUCT_NAME = "$(TARGET_NAME)";
				SWIFT_OBJC_BRIDGING_HEADER = "Fib/Bridging-Header.h";
			};
			name = Release;
		};
		F0FCC4BB1A8696B900C9EE6C /* Debug */ = {
			isa = XCBuildConfiguration;
			buildSettings = {
				BUNDLE_LOADER = "$(TEST_HOST)";
				FRAMEWORK_SEARCH_PATHS = (
					"$(SDKROOT)/Developer/Library/Frameworks",
					"$(inherited)",
				);
				GCC_PREPROCESSOR_DEFINITIONS = (
					"DEBUG=1",
					"$(inherited)",
				);
				INFOPLIST_FILE = FibTests/Info.plist;
				LD_RUNPATH_SEARCH_PATHS = "$(inherited) @executable_path/Frameworks @loader_path/Frameworks";
				PRODUCT_NAME = "$(TARGET_NAME)";
				TEST_HOST = "$(BUILT_PRODUCTS_DIR)/Fib.app/Fib";
			};
			name = Debug;
		};
		F0FCC4BC1A8696B900C9EE6C /* Release */ = {
			isa = XCBuildConfiguration;
			buildSettings = {
				BUNDLE_LOADER = "$(TEST_HOST)";
				FRAMEWORK_SEARCH_PATHS = (
					"$(SDKROOT)/Developer/Library/Frameworks",
					"$(inherited)",
				);
				INFOPLIST_FILE = FibTests/Info.plist;
				LD_RUNPATH_SEARCH_PATHS = "$(inherited) @executable_path/Frameworks @loader_path/Frameworks";
				PRODUCT_NAME = "$(TARGET_NAME)";
				TEST_HOST = "$(BUILT_PRODUCTS_DIR)/Fib.app/Fib";
			};
			name = Release;
		};
/* End XCBuildConfiguration section */

/* Begin XCConfigurationList section */
		F0FCC4931A8696B900C9EE6C /* Build configuration list for PBXProject "Fib" */ = {
			isa = XCConfigurationList;
			buildConfigurations = (
				F0FCC4B51A8696B900C9EE6C /* Debug */,
				F0FCC4B61A8696B900C9EE6C /* Release */,
			);
			defaultConfigurationIsVisible = 0;
			defaultConfigurationName = Release;
		};
		F0FCC4B71A8696B900C9EE6C /* Build configuration list for PBXNativeTarget "Fib" */ = {
			isa = XCConfigurationList;
			buildConfigurations = (
				F0FCC4B81A8696B900C9EE6C /* Debug */,
				F0FCC4B91A8696B900C9EE6C /* Release */,
			);
			defaultConfigurationIsVisible = 0;
			defaultConfigurationName = Release;
		};
		F0FCC4BA1A8696B900C9EE6C /* Build configuration list for PBXNativeTarget "FibTests" */ = {
			isa = XCConfigurationList;
			buildConfigurations = (
				F0FCC4BB1A8696B900C9EE6C /* Debug */,
				F0FCC4BC1A8696B900C9EE6C /* Release */,
			);
			defaultConfigurationIsVisible = 0;
			defaultConfigurationName = Release;
		};
/* End XCConfigurationList section */
	};
	rootObject = F0FCC4901A8696B900C9EE6C /* Project object */;
}
