// !$*UTF8*$!
{
	archiveVersion = 1;
	classes = {
	};
	objectVersion = 46;
	objects = {

/* Begin PBXBuildFile section */
		F0FCC46A1A86934F00C9EE6C /* AppDelegate.swift in Sources */ = {isa = PBXBuildFile; fileRef = F0FCC4691A86934F00C9EE6C /* AppDelegate.swift */; };
		F0FCC46C1A86934F00C9EE6C /* MasterViewController.swift in Sources */ = {isa = PBXBuildFile; fileRef = F0FCC46B1A86934F00C9EE6C /* MasterViewController.swift */; };
		F0FCC46E1A86934F00C9EE6C /* DetailViewController.swift in Sources */ = {isa = PBXBuildFile; fileRef = F0FCC46D1A86934F00C9EE6C /* DetailViewController.swift */; };
		F0FCC4711A86934F00C9EE6C /* Main.storyboard in Resources */ = {isa = PBXBuildFile; fileRef = F0FCC46F1A86934F00C9EE6C /* Main.storyboard */; };
		F0FCC4731A86934F00C9EE6C /* Images.xcassets in Resources */ = {isa = PBXBuildFile; fileRef = F0FCC4721A86934F00C9EE6C /* Images.xcassets */; };
		F0FCC4761A86934F00C9EE6C /* LaunchScreen.xib in Resources */ = {isa = PBXBuildFile; fileRef = F0FCC4741A86934F00C9EE6C /* LaunchScreen.xib */; };
		F0FCC4821A86934F00C9EE6C /* FibTests.swift in Sources */ = {isa = PBXBuildFile; fileRef = F0FCC4811A86934F00C9EE6C /* FibTests.swift */; };
		F0FCC48D1A86938F00C9EE6C /* FacebookSDK.framework in Frameworks */ = {isa = PBXBuildFile; fileRef = F0FCC48C1A86938F00C9EE6C /* FacebookSDK.framework */; };
/* End PBXBuildFile section */

/* Begin PBXContainerItemProxy section */
		F0FCC47C1A86934F00C9EE6C /* PBXContainerItemProxy */ = {
			isa = PBXContainerItemProxy;
			containerPortal = F0FCC45C1A86934F00C9EE6C /* Project object */;
			proxyType = 1;
			remoteGlobalIDString = F0FCC4631A86934F00C9EE6C;
			remoteInfo = Fib;
		};
/* End PBXContainerItemProxy section */

/* Begin PBXFileReference section */
		F0FCC4641A86934F00C9EE6C /* Fib.app */ = {isa = PBXFileReference; explicitFileType = wrapper.application; includeInIndex = 0; path = Fib.app; sourceTree = BUILT_PRODUCTS_DIR; };
		F0FCC4681A86934F00C9EE6C /* Info.plist */ = {isa = PBXFileReference; lastKnownFileType = text.plist.xml; path = Info.plist; sourceTree = "<group>"; };
		F0FCC4691A86934F00C9EE6C /* AppDelegate.swift */ = {isa = PBXFileReference; lastKnownFileType = sourcecode.swift; path = AppDelegate.swift; sourceTree = "<group>"; };
		F0FCC46B1A86934F00C9EE6C /* MasterViewController.swift */ = {isa = PBXFileReference; lastKnownFileType = sourcecode.swift; path = MasterViewController.swift; sourceTree = "<group>"; };
		F0FCC46D1A86934F00C9EE6C /* DetailViewController.swift */ = {isa = PBXFileReference; lastKnownFileType = sourcecode.swift; path = DetailViewController.swift; sourceTree = "<group>"; };
		F0FCC4701A86934F00C9EE6C /* Base */ = {isa = PBXFileReference; lastKnownFileType = file.storyboard; name = Base; path = Base.lproj/Main.storyboard; sourceTree = "<group>"; };
		F0FCC4721A86934F00C9EE6C /* Images.xcassets */ = {isa = PBXFileReference; lastKnownFileType = folder.assetcatalog; path = Images.xcassets; sourceTree = "<group>"; };
		F0FCC4751A86934F00C9EE6C /* Base */ = {isa = PBXFileReference; lastKnownFileType = file.xib; name = Base; path = Base.lproj/LaunchScreen.xib; sourceTree = "<group>"; };
		F0FCC47B1A86934F00C9EE6C /* FibTests.xctest */ = {isa = PBXFileReference; explicitFileType = wrapper.cfbundle; includeInIndex = 0; path = FibTests.xctest; sourceTree = BUILT_PRODUCTS_DIR; };
		F0FCC4801A86934F00C9EE6C /* Info.plist */ = {isa = PBXFileReference; lastKnownFileType = text.plist.xml; path = Info.plist; sourceTree = "<group>"; };
		F0FCC4811A86934F00C9EE6C /* FibTests.swift */ = {isa = PBXFileReference; lastKnownFileType = sourcecode.swift; path = FibTests.swift; sourceTree = "<group>"; };
		F0FCC48C1A86938F00C9EE6C /* FacebookSDK.framework */ = {isa = PBXFileReference; lastKnownFileType = wrapper.framework; path = FacebookSDK.framework; sourceTree = "<group>"; };
/* End PBXFileReference section */

/* Begin PBXFrameworksBuildPhase section */
		F0FCC4611A86934F00C9EE6C /* Frameworks */ = {
			isa = PBXFrameworksBuildPhase;
			buildActionMask = 2147483647;
			files = (
				F0FCC48D1A86938F00C9EE6C /* FacebookSDK.framework in Frameworks */,
			);
			runOnlyForDeploymentPostprocessing = 0;
		};
		F0FCC4781A86934F00C9EE6C /* Frameworks */ = {
			isa = PBXFrameworksBuildPhase;
			buildActionMask = 2147483647;
			files = (
			);
			runOnlyForDeploymentPostprocessing = 0;
		};
/* End PBXFrameworksBuildPhase section */

/* Begin PBXGroup section */
		F0FCC45B1A86934F00C9EE6C = {
			isa = PBXGroup;
			children = (
				F0FCC48B1A86937100C9EE6C /* Frameworks */,
				F0FCC4661A86934F00C9EE6C /* Fib */,
				F0FCC47E1A86934F00C9EE6C /* FibTests */,
				F0FCC4651A86934F00C9EE6C /* Products */,
			);
			sourceTree = "<group>";
		};
		F0FCC4651A86934F00C9EE6C /* Products */ = {
			isa = PBXGroup;
			children = (
				F0FCC4641A86934F00C9EE6C /* Fib.app */,
				F0FCC47B1A86934F00C9EE6C /* FibTests.xctest */,
			);
			name = Products;
			sourceTree = "<group>";
		};
		F0FCC4661A86934F00C9EE6C /* Fib */ = {
			isa = PBXGroup;
			children = (
				F0FCC4691A86934F00C9EE6C /* AppDelegate.swift */,
				F0FCC46B1A86934F00C9EE6C /* MasterViewController.swift */,
				F0FCC46D1A86934F00C9EE6C /* DetailViewController.swift */,
				F0FCC46F1A86934F00C9EE6C /* Main.storyboard */,
				F0FCC4721A86934F00C9EE6C /* Images.xcassets */,
				F0FCC4741A86934F00C9EE6C /* LaunchScreen.xib */,
				F0FCC4671A86934F00C9EE6C /* Supporting Files */,
			);
			path = Fib;
			sourceTree = "<group>";
		};
		F0FCC4671A86934F00C9EE6C /* Supporting Files */ = {
			isa = PBXGroup;
			children = (
				F0FCC4681A86934F00C9EE6C /* Info.plist */,
			);
			name = "Supporting Files";
			sourceTree = "<group>";
		};
		F0FCC47E1A86934F00C9EE6C /* FibTests */ = {
			isa = PBXGroup;
			children = (
				F0FCC4811A86934F00C9EE6C /* FibTests.swift */,
				F0FCC47F1A86934F00C9EE6C /* Supporting Files */,
			);
			path = FibTests;
			sourceTree = "<group>";
		};
		F0FCC47F1A86934F00C9EE6C /* Supporting Files */ = {
			isa = PBXGroup;
			children = (
				F0FCC4801A86934F00C9EE6C /* Info.plist */,
			);
			name = "Supporting Files";
			sourceTree = "<group>";
		};
		F0FCC48B1A86937100C9EE6C /* Frameworks */ = {
			isa = PBXGroup;
			children = (
				F0FCC48C1A86938F00C9EE6C /* FacebookSDK.framework */,
			);
			name = Frameworks;
			sourceTree = "<group>";
		};
/* End PBXGroup section */

/* Begin PBXNativeTarget section */
		F0FCC4631A86934F00C9EE6C /* Fib */ = {
			isa = PBXNativeTarget;
			buildConfigurationList = F0FCC4851A86934F00C9EE6C /* Build configuration list for PBXNativeTarget "Fib" */;
			buildPhases = (
				F0FCC4601A86934F00C9EE6C /* Sources */,
				F0FCC4611A86934F00C9EE6C /* Frameworks */,
				F0FCC4621A86934F00C9EE6C /* Resources */,
			);
			buildRules = (
			);
			dependencies = (
			);
			name = Fib;
			productName = Fib;
			productReference = F0FCC4641A86934F00C9EE6C /* Fib.app */;
			productType = "com.apple.product-type.application";
		};
		F0FCC47A1A86934F00C9EE6C /* FibTests */ = {
			isa = PBXNativeTarget;
			buildConfigurationList = F0FCC4881A86934F00C9EE6C /* Build configuration list for PBXNativeTarget "FibTests" */;
			buildPhases = (
				F0FCC4771A86934F00C9EE6C /* Sources */,
				F0FCC4781A86934F00C9EE6C /* Frameworks */,
				F0FCC4791A86934F00C9EE6C /* Resources */,
			);
			buildRules = (
			);
			dependencies = (
				F0FCC47D1A86934F00C9EE6C /* PBXTargetDependency */,
			);
			name = FibTests;
			productName = FibTests;
			productReference = F0FCC47B1A86934F00C9EE6C /* FibTests.xctest */;
			productType = "com.apple.product-type.bundle.unit-test";
		};
/* End PBXNativeTarget section */

/* Begin PBXProject section */
		F0FCC45C1A86934F00C9EE6C /* Project object */ = {
			isa = PBXProject;
			attributes = {
				LastUpgradeCheck = 0610;
				ORGANIZATIONNAME = hackbeanpot;
				TargetAttributes = {
					F0FCC4631A86934F00C9EE6C = {
						CreatedOnToolsVersion = 6.1.1;
					};
					F0FCC47A1A86934F00C9EE6C = {
						CreatedOnToolsVersion = 6.1.1;
						TestTargetID = F0FCC4631A86934F00C9EE6C;
					};
				};
			};
			buildConfigurationList = F0FCC45F1A86934F00C9EE6C /* Build configuration list for PBXProject "Fib" */;
			compatibilityVersion = "Xcode 3.2";
			developmentRegion = English;
			hasScannedForEncodings = 0;
			knownRegions = (
				en,
				Base,
			);
			mainGroup = F0FCC45B1A86934F00C9EE6C;
			productRefGroup = F0FCC4651A86934F00C9EE6C /* Products */;
			projectDirPath = "";
			projectRoot = "";
			targets = (
				F0FCC4631A86934F00C9EE6C /* Fib */,
				F0FCC47A1A86934F00C9EE6C /* FibTests */,
			);
		};
/* End PBXProject section */

/* Begin PBXResourcesBuildPhase section */
		F0FCC4621A86934F00C9EE6C /* Resources */ = {
			isa = PBXResourcesBuildPhase;
			buildActionMask = 2147483647;
			files = (
				F0FCC4711A86934F00C9EE6C /* Main.storyboard in Resources */,
				F0FCC4761A86934F00C9EE6C /* LaunchScreen.xib in Resources */,
				F0FCC4731A86934F00C9EE6C /* Images.xcassets in Resources */,
			);
			runOnlyForDeploymentPostprocessing = 0;
		};
		F0FCC4791A86934F00C9EE6C /* Resources */ = {
			isa = PBXResourcesBuildPhase;
			buildActionMask = 2147483647;
			files = (
			);
			runOnlyForDeploymentPostprocessing = 0;
		};
/* End PBXResourcesBuildPhase section */

/* Begin PBXSourcesBuildPhase section */
		F0FCC4601A86934F00C9EE6C /* Sources */ = {
			isa = PBXSourcesBuildPhase;
			buildActionMask = 2147483647;
			files = (
				F0FCC46E1A86934F00C9EE6C /* DetailViewController.swift in Sources */,
				F0FCC46C1A86934F00C9EE6C /* MasterViewController.swift in Sources */,
				F0FCC46A1A86934F00C9EE6C /* AppDelegate.swift in Sources */,
			);
			runOnlyForDeploymentPostprocessing = 0;
		};
		F0FCC4771A86934F00C9EE6C /* Sources */ = {
			isa = PBXSourcesBuildPhase;
			buildActionMask = 2147483647;
			files = (
				F0FCC4821A86934F00C9EE6C /* FibTests.swift in Sources */,
			);
			runOnlyForDeploymentPostprocessing = 0;
		};
/* End PBXSourcesBuildPhase section */

/* Begin PBXTargetDependency section */
		F0FCC47D1A86934F00C9EE6C /* PBXTargetDependency */ = {
			isa = PBXTargetDependency;
			target = F0FCC4631A86934F00C9EE6C /* Fib */;
			targetProxy = F0FCC47C1A86934F00C9EE6C /* PBXContainerItemProxy */;
		};
/* End PBXTargetDependency section */

/* Begin PBXVariantGroup section */
		F0FCC46F1A86934F00C9EE6C /* Main.storyboard */ = {
			isa = PBXVariantGroup;
			children = (
				F0FCC4701A86934F00C9EE6C /* Base */,
			);
			name = Main.storyboard;
			sourceTree = "<group>";
		};
		F0FCC4741A86934F00C9EE6C /* LaunchScreen.xib */ = {
			isa = PBXVariantGroup;
			children = (
				F0FCC4751A86934F00C9EE6C /* Base */,
			);
			name = LaunchScreen.xib;
			sourceTree = "<group>";
		};
/* End PBXVariantGroup section */

/* Begin XCBuildConfiguration section */
		F0FCC4831A86934F00C9EE6C /* Debug */ = {
			isa = XCBuildConfiguration;
			buildSettings = {
				ALWAYS_SEARCH_USER_PATHS = NO;
				CLANG_CXX_LANGUAGE_STANDARD = "gnu++0x";
				CLANG_CXX_LIBRARY = "libc++";
				CLANG_ENABLE_MODULES = YES;
				CLANG_ENABLE_OBJC_ARC = YES;
				CLANG_WARN_BOOL_CONVERSION = YES;
				CLANG_WARN_CONSTANT_CONVERSION = YES;
				CLANG_WARN_DIRECT_OBJC_ISA_USAGE = YES_ERROR;
				CLANG_WARN_EMPTY_BODY = YES;
				CLANG_WARN_ENUM_CONVERSION = YES;
				CLANG_WARN_INT_CONVERSION = YES;
				CLANG_WARN_OBJC_ROOT_CLASS = YES_ERROR;
				CLANG_WARN_UNREACHABLE_CODE = YES;
				CLANG_WARN__DUPLICATE_METHOD_MATCH = YES;
				"CODE_SIGN_IDENTITY[sdk=iphoneos*]" = "iPhone Developer";
				COPY_PHASE_STRIP = NO;
				ENABLE_STRICT_OBJC_MSGSEND = YES;
				GCC_C_LANGUAGE_STANDARD = gnu99;
				GCC_DYNAMIC_NO_PIC = NO;
				GCC_OPTIMIZATION_LEVEL = 0;
				GCC_PREPROCESSOR_DEFINITIONS = (
					"DEBUG=1",
					"$(inherited)",
				);
				GCC_SYMBOLS_PRIVATE_EXTERN = NO;
				GCC_WARN_64_TO_32_BIT_CONVERSION = YES;
				GCC_WARN_ABOUT_RETURN_TYPE = YES_ERROR;
				GCC_WARN_UNDECLARED_SELECTOR = YES;
				GCC_WARN_UNINITIALIZED_AUTOS = YES_AGGRESSIVE;
				GCC_WARN_UNUSED_FUNCTION = YES;
				GCC_WARN_UNUSED_VARIABLE = YES;
				IPHONEOS_DEPLOYMENT_TARGET = 8.1;
				MTL_ENABLE_DEBUG_INFO = YES;
				ONLY_ACTIVE_ARCH = YES;
				SDKROOT = iphoneos;
				SWIFT_OPTIMIZATION_LEVEL = "-Onone";
			};
			name = Debug;
		};
		F0FCC4841A86934F00C9EE6C /* Release */ = {
			isa = XCBuildConfiguration;
			buildSettings = {
				ALWAYS_SEARCH_USER_PATHS = NO;
				CLANG_CXX_LANGUAGE_STANDARD = "gnu++0x";
				CLANG_CXX_LIBRARY = "libc++";
				CLANG_ENABLE_MODULES = YES;
				CLANG_ENABLE_OBJC_ARC = YES;
				CLANG_WARN_BOOL_CONVERSION = YES;
				CLANG_WARN_CONSTANT_CONVERSION = YES;
				CLANG_WARN_DIRECT_OBJC_ISA_USAGE = YES_ERROR;
				CLANG_WARN_EMPTY_BODY = YES;
				CLANG_WARN_ENUM_CONVERSION = YES;
				CLANG_WARN_INT_CONVERSION = YES;
				CLANG_WARN_OBJC_ROOT_CLASS = YES_ERROR;
				CLANG_WARN_UNREACHABLE_CODE = YES;
				CLANG_WARN__DUPLICATE_METHOD_MATCH = YES;
				"CODE_SIGN_IDENTITY[sdk=iphoneos*]" = "iPhone Developer";
				COPY_PHASE_STRIP = YES;
				ENABLE_NS_ASSERTIONS = NO;
				ENABLE_STRICT_OBJC_MSGSEND = YES;
				GCC_C_LANGUAGE_STANDARD = gnu99;
				GCC_WARN_64_TO_32_BIT_CONVERSION = YES;
				GCC_WARN_ABOUT_RETURN_TYPE = YES_ERROR;
				GCC_WARN_UNDECLARED_SELECTOR = YES;
				GCC_WARN_UNINITIALIZED_AUTOS = YES_AGGRESSIVE;
				GCC_WARN_UNUSED_FUNCTION = YES;
				GCC_WARN_UNUSED_VARIABLE = YES;
				IPHONEOS_DEPLOYMENT_TARGET = 8.1;
				MTL_ENABLE_DEBUG_INFO = NO;
				SDKROOT = iphoneos;
				VALIDATE_PRODUCT = YES;
			};
			name = Release;
		};
		F0FCC4861A86934F00C9EE6C /* Debug */ = {
			isa = XCBuildConfiguration;
			buildSettings = {
				ASSETCATALOG_COMPILER_APPICON_NAME = AppIcon;
				FRAMEWORK_SEARCH_PATHS = (
					"$(inherited)",
					"$(PROJECT_DIR)",
				);
				INFOPLIST_FILE = Fib/Info.plist;
				LD_RUNPATH_SEARCH_PATHS = "$(inherited) @executable_path/Frameworks";
				PRODUCT_NAME = "$(TARGET_NAME)";
			};
			name = Debug;
		};
		F0FCC4871A86934F00C9EE6C /* Release */ = {
			isa = XCBuildConfiguration;
			buildSettings = {
				ASSETCATALOG_COMPILER_APPICON_NAME = AppIcon;
				FRAMEWORK_SEARCH_PATHS = (
					"$(inherited)",
					"$(PROJECT_DIR)",
				);
				INFOPLIST_FILE = Fib/Info.plist;
				LD_RUNPATH_SEARCH_PATHS = "$(inherited) @executable_path/Frameworks";
				PRODUCT_NAME = "$(TARGET_NAME)";
			};
			name = Release;
		};
		F0FCC4891A86934F00C9EE6C /* Debug */ = {
			isa = XCBuildConfiguration;
			buildSettings = {
				BUNDLE_LOADER = "$(TEST_HOST)";
				FRAMEWORK_SEARCH_PATHS = (
					"$(SDKROOT)/Developer/Library/Frameworks",
					"$(inherited)",
				);
				GCC_PREPROCESSOR_DEFINITIONS = (
					"DEBUG=1",
					"$(inherited)",
				);
				INFOPLIST_FILE = FibTests/Info.plist;
				LD_RUNPATH_SEARCH_PATHS = "$(inherited) @executable_path/Frameworks @loader_path/Frameworks";
				PRODUCT_NAME = "$(TARGET_NAME)";
				TEST_HOST = "$(BUILT_PRODUCTS_DIR)/Fib.app/Fib";
			};
			name = Debug;
		};
		F0FCC48A1A86934F00C9EE6C /* Release */ = {
			isa = XCBuildConfiguration;
			buildSettings = {
				BUNDLE_LOADER = "$(TEST_HOST)";
				FRAMEWORK_SEARCH_PATHS = (
					"$(SDKROOT)/Developer/Library/Frameworks",
					"$(inherited)",
				);
				INFOPLIST_FILE = FibTests/Info.plist;
				LD_RUNPATH_SEARCH_PATHS = "$(inherited) @executable_path/Frameworks @loader_path/Frameworks";
				PRODUCT_NAME = "$(TARGET_NAME)";
				TEST_HOST = "$(BUILT_PRODUCTS_DIR)/Fib.app/Fib";
			};
			name = Release;
		};
/* End XCBuildConfiguration section */

/* Begin XCConfigurationList section */
		F0FCC45F1A86934F00C9EE6C /* Build configuration list for PBXProject "Fib" */ = {
			isa = XCConfigurationList;
			buildConfigurations = (
				F0FCC4831A86934F00C9EE6C /* Debug */,
				F0FCC4841A86934F00C9EE6C /* Release */,
			);
			defaultConfigurationIsVisible = 0;
			defaultConfigurationName = Release;
		};
		F0FCC4851A86934F00C9EE6C /* Build configuration list for PBXNativeTarget "Fib" */ = {
			isa = XCConfigurationList;
			buildConfigurations = (
				F0FCC4861A86934F00C9EE6C /* Debug */,
				F0FCC4871A86934F00C9EE6C /* Release */,
			);
			defaultConfigurationIsVisible = 0;
			defaultConfigurationName = Release;
		};
		F0FCC4881A86934F00C9EE6C /* Build configuration list for PBXNativeTarget "FibTests" */ = {
			isa = XCConfigurationList;
			buildConfigurations = (
				F0FCC4891A86934F00C9EE6C /* Debug */,
				F0FCC48A1A86934F00C9EE6C /* Release */,
			);
			defaultConfigurationIsVisible = 0;
			defaultConfigurationName = Release;
		};
/* End XCConfigurationList section */
	};
	rootObject = F0FCC45C1A86934F00C9EE6C /* Project object */;
}
